<?xml version="1.0" encoding="utf-8"?>
<Project ToolsVersion="4.0" xmlns="http://schemas.microsoft.com/developer/msbuild/2003">
  <ItemGroup>
    <ClCompile Include="external\d3d12ma\D3D12MemAlloc.cpp">
      <Filter>external\d3d12ma</Filter>
    </ClCompile>
    <ClCompile Include="source\core\engine.cpp">
      <Filter>source\core</Filter>
    </ClCompile>
    <ClCompile Include="source\gfx\gfx.cpp">
      <Filter>source\gfx</Filter>
    </ClCompile>
    <ClCompile Include="source\renderer\renderer.cpp">
      <Filter>source\renderer</Filter>
    </ClCompile>
    <ClCompile Include="source\gfx\d3d12\d3d12_device.cpp">
      <Filter>source\gfx\d3d12</Filter>
    </ClCompile>
    <ClCompile Include="source\gfx\d3d12\d3d12_swapchain.cpp">
      <Filter>source\gfx\d3d12</Filter>
    </ClCompile>
    <ClCompile Include="source\gfx\d3d12\d3d12_fence.cpp">
      <Filter>source\gfx\d3d12</Filter>
    </ClCompile>
    <ClCompile Include="source\gfx\d3d12\d3d12_command_list.cpp">
      <Filter>source\gfx\d3d12</Filter>
    </ClCompile>
    <ClCompile Include="source\gfx\d3d12\d3d12_buffer.cpp">
      <Filter>source\gfx\d3d12</Filter>
    </ClCompile>
    <ClCompile Include="source\gfx\d3d12\d3d12_texture.cpp">
      <Filter>source\gfx\d3d12</Filter>
    </ClCompile>
    <ClCompile Include="source\gfx\d3d12\d3d12_pipeline_state.cpp">
      <Filter>source\gfx\d3d12</Filter>
    </ClCompile>
    <ClCompile Include="source\gfx\d3d12\d3d12_shader.cpp">
      <Filter>source\gfx\d3d12</Filter>
    </ClCompile>
    <ClCompile Include="source\renderer\shader_compiler.cpp">
      <Filter>source\renderer</Filter>
    </ClCompile>
    <ClCompile Include="external\simpleini\ConvertUTF.c">
      <Filter>external\simpleini</Filter>
    </ClCompile>
    <ClCompile Include="source\renderer\shader_cache.cpp">
      <Filter>source\renderer</Filter>
    </ClCompile>
    <ClCompile Include="source\renderer\pipeline_cache.cpp">
      <Filter>source\renderer</Filter>
    </ClCompile>
    <ClCompile Include="external\xxHash\xxhash.c">
      <Filter>external\xxHash</Filter>
    </ClCompile>
    <ClCompile Include="source\gfx\d3d12\pix_runtime.cpp">
      <Filter>source\gfx\d3d12</Filter>
    </ClCompile>
    <ClCompile Include="external\imgui\imgui.cpp">
      <Filter>external\imgui</Filter>
    </ClCompile>
    <ClCompile Include="external\imgui\imgui_demo.cpp">
      <Filter>external\imgui</Filter>
    </ClCompile>
    <ClCompile Include="external\imgui\imgui_draw.cpp">
      <Filter>external\imgui</Filter>
    </ClCompile>
    <ClCompile Include="external\imgui\imgui_tables.cpp">
      <Filter>external\imgui</Filter>
    </ClCompile>
    <ClCompile Include="external\imgui\imgui_widgets.cpp">
      <Filter>external\imgui</Filter>
    </ClCompile>
    <ClCompile Include="source\core\gui.cpp">
      <Filter>source\core</Filter>
    </ClCompile>
    <ClCompile Include="external\imgui\imgui_impl_win32.cpp">
      <Filter>external\imgui</Filter>
    </ClCompile>
    <ClCompile Include="source\gfx\d3d12\d3d12_descriptor.cpp">
      <Filter>source\gfx\d3d12</Filter>
    </ClCompile>
    <ClCompile Include="source\renderer\staging_buffer_allocator.cpp">
      <Filter>source\renderer</Filter>
    </ClCompile>
    <ClCompile Include="external\tinyxml2\tinyxml2.cpp">
      <Filter>external\tinyxml2</Filter>
    </ClCompile>
    <ClCompile Include="external\ImFileDialog\ImFileDialog.cpp">
      <Filter>external\ImFileDialog</Filter>
    </ClCompile>
    <ClCompile Include="external\ImGuizmo\ImGuizmo.cpp">
      <Filter>external\ImGuizmo</Filter>
    </ClCompile>
    <ClCompile Include="source\renderer\render_graph.cpp">
      <Filter>source\renderer</Filter>
    </ClCompile>
    <ClCompile Include="source\renderer\resource\texture_2d.cpp">
      <Filter>source\renderer\resource</Filter>
    </ClCompile>
    <ClCompile Include="source\renderer\resource\index_buffer.cpp">
      <Filter>source\renderer\resource</Filter>
    </ClCompile>
    <ClCompile Include="source\renderer\resource\structured_buffer.cpp">
      <Filter>source\renderer\resource</Filter>
    </ClCompile>
    <ClCompile Include="source\renderer\resource\typed_buffer.cpp">
      <Filter>source\renderer\resource</Filter>
    </ClCompile>
    <ClCompile Include="source\renderer\resource\raw_buffer.cpp">
      <Filter>source\renderer\resource</Filter>
    </ClCompile>
    <ClCompile Include="source\renderer\resource\texture_3d.cpp">
      <Filter>source\renderer\resource</Filter>
    </ClCompile>
    <ClCompile Include="source\renderer\resource\texture_cube.cpp">
      <Filter>source\renderer\resource</Filter>
    </ClCompile>
    <ClCompile Include="source\renderer\resource\constant_buffer.cpp">
      <Filter>source\renderer\resource</Filter>
    </ClCompile>
    <ClCompile Include="source\renderer\texture_loader.cpp">
      <Filter>source\renderer</Filter>
    </ClCompile>
    <ClCompile Include="source\renderer\directed_acyclic_graph.cpp">
      <Filter>source\renderer</Filter>
    </ClCompile>
    <ClCompile Include="source\renderer\render_graph_resource_allocator.cpp">
      <Filter>source\renderer</Filter>
    </ClCompile>
    <ClCompile Include="source\renderer\render_graph_pass.cpp">
      <Filter>source\renderer</Filter>
    </ClCompile>
    <ClCompile Include="source\renderer\render_graph_resource.cpp">
      <Filter>source\renderer</Filter>
    </ClCompile>
    <ClCompile Include="source\renderer\renderer_frame.cpp">
      <Filter>source\renderer</Filter>
    </ClCompile>
    <ClCompile Include="external\microprofile\microprofile.cpp">
      <Filter>external\microprofile</Filter>
    </ClCompile>
    <ClCompile Include="source\windows\main.cpp">
      <Filter>source\windows</Filter>
    </ClCompile>
    <ClCompile Include="source\renderer\lighting\clustered_shading.cpp">
      <Filter>source\renderer\lighting</Filter>
    </ClCompile>
    <ClCompile Include="source\renderer\post_processing\fxaa.cpp">
      <Filter>source\renderer\post_processing</Filter>
    </ClCompile>
    <ClCompile Include="source\renderer\post_processing\tonemapper.cpp">
      <Filter>source\renderer\post_processing</Filter>
    </ClCompile>
    <ClCompile Include="source\renderer\post_processing\post_processor.cpp">
      <Filter>source\renderer\post_processing</Filter>
    </ClCompile>
    <ClCompile Include="source\renderer\lighting\lighting_processor.cpp">
      <Filter>source\renderer\lighting</Filter>
    </ClCompile>
    <ClCompile Include="source\renderer\post_processing\taa.cpp">
      <Filter>source\renderer\post_processing</Filter>
    </ClCompile>
    <ClCompile Include="source\renderer\post_processing\cas.cpp">
      <Filter>source\renderer\post_processing</Filter>
    </ClCompile>
    <ClCompile Include="source\renderer\lighting\gtao.cpp">
      <Filter>source\renderer\lighting</Filter>
    </ClCompile>
    <ClCompile Include="source\world\camera.cpp">
      <Filter>source\world</Filter>
    </ClCompile>
    <ClCompile Include="source\world\directional_light.cpp">
      <Filter>source\world</Filter>
    </ClCompile>
    <ClCompile Include="source\world\model.cpp">
      <Filter>source\world</Filter>
    </ClCompile>
    <ClCompile Include="source\world\sky_sphere.cpp">
      <Filter>source\world</Filter>
    </ClCompile>
    <ClCompile Include="source\world\world.cpp">
      <Filter>source\world</Filter>
    </ClCompile>
    <ClCompile Include="source\editor\editor.cpp">
      <Filter>source\editor</Filter>
    </ClCompile>
    <ClCompile Include="source\world\gltf_loader.cpp">
      <Filter>source\world</Filter>
    </ClCompile>
    <ClCompile Include="source\world\static_mesh.cpp">
      <Filter>source\world</Filter>
    </ClCompile>
    <ClCompile Include="source\world\skeletal_mesh.cpp">
      <Filter>source\world</Filter>
    </ClCompile>
    <ClCompile Include="source\world\mesh_material.cpp">
      <Filter>source\world</Filter>
    </ClCompile>
    <ClCompile Include="source\world\skeleton.cpp">
      <Filter>source\world</Filter>
    </ClCompile>
    <ClCompile Include="source\world\animation.cpp">
      <Filter>source\world</Filter>
    </ClCompile>
    <ClCompile Include="source\renderer\gpu_driven_debug_line.cpp">
      <Filter>source\renderer</Filter>
    </ClCompile>
    <ClCompile Include="source\gfx\d3d12\d3d12_heap.cpp">
      <Filter>source\gfx\d3d12</Filter>
    </ClCompile>
    <ClCompile Include="external\meshoptimizer\indexgenerator.cpp">
      <Filter>external\meshoptimizer</Filter>
    </ClCompile>
    <ClCompile Include="external\meshoptimizer\overdrawanalyzer.cpp">
      <Filter>external\meshoptimizer</Filter>
    </ClCompile>
    <ClCompile Include="external\meshoptimizer\overdrawoptimizer.cpp">
      <Filter>external\meshoptimizer</Filter>
    </ClCompile>
    <ClCompile Include="external\meshoptimizer\simplifier.cpp">
      <Filter>external\meshoptimizer</Filter>
    </ClCompile>
    <ClCompile Include="external\meshoptimizer\spatialorder.cpp">
      <Filter>external\meshoptimizer</Filter>
    </ClCompile>
    <ClCompile Include="external\meshoptimizer\stripifier.cpp">
      <Filter>external\meshoptimizer</Filter>
    </ClCompile>
    <ClCompile Include="external\meshoptimizer\vcacheanalyzer.cpp">
      <Filter>external\meshoptimizer</Filter>
    </ClCompile>
    <ClCompile Include="external\meshoptimizer\vcacheoptimizer.cpp">
      <Filter>external\meshoptimizer</Filter>
    </ClCompile>
    <ClCompile Include="external\meshoptimizer\vertexcodec.cpp">
      <Filter>external\meshoptimizer</Filter>
    </ClCompile>
    <ClCompile Include="external\meshoptimizer\vertexfilter.cpp">
      <Filter>external\meshoptimizer</Filter>
    </ClCompile>
    <ClCompile Include="external\meshoptimizer\vfetchanalyzer.cpp">
      <Filter>external\meshoptimizer</Filter>
    </ClCompile>
    <ClCompile Include="external\meshoptimizer\vfetchoptimizer.cpp">
      <Filter>external\meshoptimizer</Filter>
    </ClCompile>
    <ClCompile Include="external\meshoptimizer\allocator.cpp">
      <Filter>external\meshoptimizer</Filter>
    </ClCompile>
    <ClCompile Include="external\meshoptimizer\clusterizer.cpp">
      <Filter>external\meshoptimizer</Filter>
    </ClCompile>
    <ClCompile Include="external\meshoptimizer\indexcodec.cpp">
      <Filter>external\meshoptimizer</Filter>
    </ClCompile>
    <ClCompile Include="source\renderer\gpu_driven_stats.cpp">
      <Filter>source\renderer</Filter>
    </ClCompile>
    <ClCompile Include="source\renderer\gpu_driven_debug_print.cpp">
      <Filter>source\renderer</Filter>
    </ClCompile>
    <ClCompile Include="source\renderer\hzb_occlusion_culling.cpp">
      <Filter>source\renderer</Filter>
    </ClCompile>
  </ItemGroup>
  <ItemGroup>
    <ClInclude Include="external\d3d12ma\D3D12MemAlloc.h">
      <Filter>external\d3d12ma</Filter>
    </ClInclude>
    <ClInclude Include="source\core\engine.h">
      <Filter>source\core</Filter>
    </ClInclude>
    <ClInclude Include="source\gfx\gfx.h">
      <Filter>source\gfx</Filter>
    </ClInclude>
    <ClInclude Include="source\gfx\gfx_define.h">
      <Filter>source\gfx</Filter>
    </ClInclude>
    <ClInclude Include="source\gfx\i_gfx_buffer.h">
      <Filter>source\gfx</Filter>
    </ClInclude>
    <ClInclude Include="source\gfx\i_gfx_command_list.h">
      <Filter>source\gfx</Filter>
    </ClInclude>
    <ClInclude Include="source\gfx\i_gfx_device.h">
      <Filter>source\gfx</Filter>
    </ClInclude>
    <ClInclude Include="source\gfx\i_gfx_fence.h">
      <Filter>source\gfx</Filter>
    </ClInclude>
    <ClInclude Include="source\gfx\i_gfx_pipeline_state.h">
      <Filter>source\gfx</Filter>
    </ClInclude>
    <ClInclude Include="source\gfx\i_gfx_resource.h">
      <Filter>source\gfx</Filter>
    </ClInclude>
    <ClInclude Include="source\gfx\i_gfx_shader.h">
      <Filter>source\gfx</Filter>
    </ClInclude>
    <ClInclude Include="source\gfx\i_gfx_swapchain.h">
      <Filter>source\gfx</Filter>
    </ClInclude>
    <ClInclude Include="source\gfx\i_gfx_texture.h">
      <Filter>source\gfx</Filter>
    </ClInclude>
    <ClInclude Include="source\utils\assert.h">
      <Filter>source\utils</Filter>
    </ClInclude>
    <ClInclude Include="source\utils\log.h">
      <Filter>source\utils</Filter>
    </ClInclude>
    <ClInclude Include="source\utils\math.h">
      <Filter>source\utils</Filter>
    </ClInclude>
    <ClInclude Include="source\utils\memory.h">
      <Filter>source\utils</Filter>
    </ClInclude>
    <ClInclude Include="source\renderer\renderer.h">
      <Filter>source\renderer</Filter>
    </ClInclude>
    <ClInclude Include="source\gfx\d3d12\d3d12_device.h">
      <Filter>source\gfx\d3d12</Filter>
    </ClInclude>
    <ClInclude Include="source\gfx\d3d12\d3d12_header.h">
      <Filter>source\gfx\d3d12</Filter>
    </ClInclude>
    <ClInclude Include="source\gfx\d3d12\d3d12_swapchain.h">
      <Filter>source\gfx\d3d12</Filter>
    </ClInclude>
    <ClInclude Include="source\gfx\d3d12\d3d12_fence.h">
      <Filter>source\gfx\d3d12</Filter>
    </ClInclude>
    <ClInclude Include="source\gfx\d3d12\d3d12_command_list.h">
      <Filter>source\gfx\d3d12</Filter>
    </ClInclude>
    <ClInclude Include="source\gfx\d3d12\d3d12_buffer.h">
      <Filter>source\gfx\d3d12</Filter>
    </ClInclude>
    <ClInclude Include="source\gfx\d3d12\d3d12_texture.h">
      <Filter>source\gfx\d3d12</Filter>
    </ClInclude>
    <ClInclude Include="source\gfx\d3d12\d3d12_pipeline_state.h">
      <Filter>source\gfx\d3d12</Filter>
    </ClInclude>
    <ClInclude Include="source\gfx\d3d12\d3d12_shader.h">
      <Filter>source\gfx\d3d12</Filter>
    </ClInclude>
    <ClInclude Include="source\renderer\shader_compiler.h">
      <Filter>source\renderer</Filter>
    </ClInclude>
    <ClInclude Include="external\simpleini\ConvertUTF.h">
      <Filter>external\simpleini</Filter>
    </ClInclude>
    <ClInclude Include="external\simpleini\SimpleIni.h">
      <Filter>external\simpleini</Filter>
    </ClInclude>
    <ClInclude Include="source\renderer\shader_cache.h">
      <Filter>source\renderer</Filter>
    </ClInclude>
    <ClInclude Include="source\renderer\pipeline_cache.h">
      <Filter>source\renderer</Filter>
    </ClInclude>
    <ClInclude Include="external\xxHash\xxhash.h">
      <Filter>external\xxHash</Filter>
    </ClInclude>
    <ClInclude Include="source\gfx\d3d12\pix_runtime.h">
      <Filter>source\gfx\d3d12</Filter>
    </ClInclude>
    <ClInclude Include="external\imgui\imconfig.h">
      <Filter>external\imgui</Filter>
    </ClInclude>
    <ClInclude Include="external\imgui\imgui.h">
      <Filter>external\imgui</Filter>
    </ClInclude>
    <ClInclude Include="external\imgui\imgui_internal.h">
      <Filter>external\imgui</Filter>
    </ClInclude>
    <ClInclude Include="external\imgui\imstb_rectpack.h">
      <Filter>external\imgui</Filter>
    </ClInclude>
    <ClInclude Include="external\imgui\imstb_textedit.h">
      <Filter>external\imgui</Filter>
    </ClInclude>
    <ClInclude Include="external\imgui\imstb_truetype.h">
      <Filter>external\imgui</Filter>
    </ClInclude>
    <ClInclude Include="source\core\gui.h">
      <Filter>source\core</Filter>
    </ClInclude>
    <ClInclude Include="external\imgui\imgui_impl_win32.h">
      <Filter>external\imgui</Filter>
    </ClInclude>
    <ClInclude Include="source\gfx\i_gfx_descriptor.h">
      <Filter>source\gfx</Filter>
    </ClInclude>
    <ClInclude Include="source\gfx\d3d12\d3d12_descriptor.h">
      <Filter>source\gfx\d3d12</Filter>
    </ClInclude>
    <ClInclude Include="source\renderer\staging_buffer_allocator.h">
      <Filter>source\renderer</Filter>
    </ClInclude>
    <ClInclude Include="external\tinyxml2\tinyxml2.h">
      <Filter>external\tinyxml2</Filter>
    </ClInclude>
    <ClInclude Include="external\ImFileDialog\ImFileDialog.h">
      <Filter>external\ImFileDialog</Filter>
    </ClInclude>
    <ClInclude Include="source\utils\string.h">
      <Filter>source\utils</Filter>
    </ClInclude>
    <ClInclude Include="external\ImGuizmo\ImGuizmo.h">
      <Filter>external\ImGuizmo</Filter>
    </ClInclude>
    <ClInclude Include="source\renderer\render_graph.h">
      <Filter>source\renderer</Filter>
    </ClInclude>
    <ClInclude Include="source\renderer\render_graph_pass.h">
      <Filter>source\renderer</Filter>
    </ClInclude>
    <ClInclude Include="source\renderer\render_graph_resource.h">
      <Filter>source\renderer</Filter>
    </ClInclude>
    <ClInclude Include="source\renderer\render_graph_builder.h">
      <Filter>source\renderer</Filter>
    </ClInclude>
    <ClInclude Include="source\utils\system.h">
      <Filter>source\utils</Filter>
    </ClInclude>
    <ClInclude Include="source\renderer\resource\texture_2d.h">
      <Filter>source\renderer\resource</Filter>
    </ClInclude>
    <ClInclude Include="source\renderer\resource\index_buffer.h">
      <Filter>source\renderer\resource</Filter>
    </ClInclude>
    <ClInclude Include="source\renderer\resource\structured_buffer.h">
      <Filter>source\renderer\resource</Filter>
    </ClInclude>
    <ClInclude Include="source\renderer\resource\typed_buffer.h">
      <Filter>source\renderer\resource</Filter>
    </ClInclude>
    <ClInclude Include="source\renderer\resource\raw_buffer.h">
      <Filter>source\renderer\resource</Filter>
    </ClInclude>
    <ClInclude Include="source\renderer\resource\texture_3d.h">
      <Filter>source\renderer\resource</Filter>
    </ClInclude>
    <ClInclude Include="source\renderer\resource\texture_cube.h">
      <Filter>source\renderer\resource</Filter>
    </ClInclude>
    <ClInclude Include="source\renderer\resource\constant_buffer.h">
      <Filter>source\renderer\resource</Filter>
    </ClInclude>
    <ClInclude Include="source\renderer\texture_loader.h">
      <Filter>source\renderer</Filter>
    </ClInclude>
    <ClInclude Include="shaders\fxaa.hlsli">
      <Filter>shaders</Filter>
    </ClInclude>
    <ClInclude Include="source\renderer\directed_acyclic_graph.h">
      <Filter>source\renderer</Filter>
    </ClInclude>
    <ClInclude Include="source\renderer\render_graph_blackboard.h">
      <Filter>source\renderer</Filter>
    </ClInclude>
    <ClInclude Include="source\renderer\render_graph_handle.h">
      <Filter>source\renderer</Filter>
    </ClInclude>
    <ClInclude Include="source\utils\linear_allocator.h">
      <Filter>source\utils</Filter>
    </ClInclude>
    <ClInclude Include="source\renderer\render_graph_resource_allocator.h">
      <Filter>source\renderer</Filter>
    </ClInclude>
    <ClInclude Include="external\microprofile\microprofile.h">
      <Filter>external\microprofile</Filter>
    </ClInclude>
    <ClInclude Include="source\utils\profiler.h">
      <Filter>source\utils</Filter>
    </ClInclude>
    <ClInclude Include="source\windows\resource.h">
      <Filter>source\windows</Filter>
    </ClInclude>
    <ClInclude Include="shaders\ffx_a.h">
      <Filter>shaders</Filter>
    </ClInclude>
    <ClInclude Include="shaders\ffx_lpm.h">
      <Filter>shaders</Filter>
    </ClInclude>
    <ClInclude Include="source\renderer\lighting\clustered_shading.h">
      <Filter>source\renderer\lighting</Filter>
    </ClInclude>
    <ClInclude Include="source\renderer\post_processing\fxaa.h">
      <Filter>source\renderer\post_processing</Filter>
    </ClInclude>
    <ClInclude Include="source\renderer\post_processing\tonemapper.h">
      <Filter>source\renderer\post_processing</Filter>
    </ClInclude>
    <ClInclude Include="source\renderer\post_processing\post_processor.h">
      <Filter>source\renderer\post_processing</Filter>
    </ClInclude>
    <ClInclude Include="source\renderer\lighting\lighting_processor.h">
      <Filter>source\renderer\lighting</Filter>
    </ClInclude>
    <ClInclude Include="source\renderer\post_processing\taa.h">
      <Filter>source\renderer\post_processing</Filter>
    </ClInclude>
    <ClInclude Include="source\renderer\post_processing\cas.h">
      <Filter>source\renderer\post_processing</Filter>
    </ClInclude>
    <ClInclude Include="shaders\ffx_cas.h">
      <Filter>shaders</Filter>
    </ClInclude>
    <ClInclude Include="source\renderer\lighting\gtao.h">
      <Filter>source\renderer\lighting</Filter>
    </ClInclude>
    <ClInclude Include="source\world\camera.h">
      <Filter>source\world</Filter>
    </ClInclude>
    <ClInclude Include="source\world\directional_light.h">
      <Filter>source\world</Filter>
    </ClInclude>
    <ClInclude Include="source\world\i_light.h">
      <Filter>source\world</Filter>
    </ClInclude>
    <ClInclude Include="source\world\i_visible_object.h">
      <Filter>source\world</Filter>
    </ClInclude>
    <ClInclude Include="source\world\model.h">
      <Filter>source\world</Filter>
    </ClInclude>
    <ClInclude Include="source\world\sky_sphere.h">
      <Filter>source\world</Filter>
    </ClInclude>
    <ClInclude Include="source\world\world.h">
      <Filter>source\world</Filter>
    </ClInclude>
    <ClInclude Include="source\editor\editor.h">
      <Filter>source\editor</Filter>
    </ClInclude>
    <ClInclude Include="source\world\gltf_loader.h">
      <Filter>source\world</Filter>
    </ClInclude>
    <ClInclude Include="source\world\static_mesh.h">
      <Filter>source\world</Filter>
    </ClInclude>
    <ClInclude Include="source\world\skeletal_mesh.h">
      <Filter>source\world</Filter>
    </ClInclude>
    <ClInclude Include="shaders\IntelTAA.h">
      <Filter>shaders</Filter>
    </ClInclude>
    <ClInclude Include="shaders\XeGTAO.h">
      <Filter>shaders</Filter>
    </ClInclude>
    <ClInclude Include="source\world\mesh_material.h">
      <Filter>source\world</Filter>
    </ClInclude>
    <ClInclude Include="source\world\skeleton.h">
      <Filter>source\world</Filter>
    </ClInclude>
    <ClInclude Include="source\world\animation.h">
      <Filter>source\world</Filter>
    </ClInclude>
    <ClInclude Include="source\renderer\gpu_driven_debug_line.h">
      <Filter>source\renderer</Filter>
    </ClInclude>
    <ClInclude Include="source\gfx\i_gfx_heap.h">
      <Filter>source\gfx</Filter>
    </ClInclude>
    <ClInclude Include="source\gfx\d3d12\d3d12_heap.h">
      <Filter>source\gfx\d3d12</Filter>
    </ClInclude>
    <ClInclude Include="external\meshoptimizer\meshoptimizer.h">
      <Filter>external\meshoptimizer</Filter>
    </ClInclude>
    <ClInclude Include="source\renderer\gpu_driven_stats.h">
      <Filter>source\renderer</Filter>
    </ClInclude>
    <ClInclude Include="source\renderer\gpu_driven_debug_print.h">
      <Filter>source\renderer</Filter>
    </ClInclude>
    <ClInclude Include="source\renderer\hzb_occlusion_culling.h">
      <Filter>source\renderer</Filter>
    </ClInclude>
  </ItemGroup>
  <ItemGroup>
    <Filter Include="external">
      <UniqueIdentifier>{1c7948b7-3f71-4b3b-9ebc-ab41017ee117}</UniqueIdentifier>
    </Filter>
    <Filter Include="external\d3d12ma">
      <UniqueIdentifier>{86f06e99-38cb-4b6d-a029-b78bfaae983f}</UniqueIdentifier>
    </Filter>
    <Filter Include="source">
      <UniqueIdentifier>{2bfd411e-5688-4077-8299-eecd0889dbc2}</UniqueIdentifier>
    </Filter>
    <Filter Include="source\core">
      <UniqueIdentifier>{cc79d43f-dfab-4299-a086-056b2f8d6d8b}</UniqueIdentifier>
    </Filter>
    <Filter Include="source\gfx">
      <UniqueIdentifier>{f22725ad-439d-40c2-912b-d36f26037741}</UniqueIdentifier>
    </Filter>
    <Filter Include="shaders">
      <UniqueIdentifier>{172bd163-11f1-4144-bb9c-24cbf71c52a2}</UniqueIdentifier>
    </Filter>
    <Filter Include="source\gfx\d3d12">
      <UniqueIdentifier>{37cde1be-0427-4aae-9a30-fbc16e4f4a31}</UniqueIdentifier>
    </Filter>
    <Filter Include="source\renderer">
      <UniqueIdentifier>{b2acc029-6278-4e76-943f-fbec6f89e475}</UniqueIdentifier>
    </Filter>
    <Filter Include="source\utils">
      <UniqueIdentifier>{3185c19b-e0eb-4235-95ef-36876f6627af}</UniqueIdentifier>
    </Filter>
    <Filter Include="external\simpleini">
      <UniqueIdentifier>{e7498b2e-04a0-4c99-af2b-de0568b82ef0}</UniqueIdentifier>
    </Filter>
    <Filter Include="external\xxHash">
      <UniqueIdentifier>{b18a4fbd-542d-4aac-8196-c03e09aeb3ad}</UniqueIdentifier>
    </Filter>
    <Filter Include="external\imgui">
      <UniqueIdentifier>{d3f278cc-98d9-4290-b65b-8751ba5a887c}</UniqueIdentifier>
    </Filter>
    <Filter Include="external\tinyxml2">
      <UniqueIdentifier>{b945be11-16ed-417a-9d71-af54f0b19407}</UniqueIdentifier>
    </Filter>
    <Filter Include="external\ImFileDialog">
      <UniqueIdentifier>{aa53a536-77b4-4572-a093-76a2b081ed6e}</UniqueIdentifier>
    </Filter>
    <Filter Include="external\ImGuizmo">
      <UniqueIdentifier>{398702c9-bd6c-4888-97c4-d14c5a10aeb0}</UniqueIdentifier>
    </Filter>
    <Filter Include="source\renderer\resource">
      <UniqueIdentifier>{1554a0c9-b28a-474b-a477-f9cffe113e1b}</UniqueIdentifier>
    </Filter>
    <Filter Include="external\microprofile">
      <UniqueIdentifier>{9cc4d8f3-9f42-494c-a073-b1b7d639eb50}</UniqueIdentifier>
    </Filter>
    <Filter Include="source\windows">
      <UniqueIdentifier>{a8c7dadd-4b19-4c53-b88b-ab9ded644368}</UniqueIdentifier>
    </Filter>
    <Filter Include="source\renderer\post_processing">
      <UniqueIdentifier>{55ffff25-603c-4070-b5d0-ce164c63fcc6}</UniqueIdentifier>
    </Filter>
    <Filter Include="source\renderer\lighting">
      <UniqueIdentifier>{37cf8b8e-14d3-42da-b1cb-27191be7c0c9}</UniqueIdentifier>
    </Filter>
    <Filter Include="source\editor">
      <UniqueIdentifier>{85cbd3f1-1340-4502-b5bd-7ff65409ecab}</UniqueIdentifier>
    </Filter>
    <Filter Include="source\world">
      <UniqueIdentifier>{4375e657-3548-47f8-a364-046016057f48}</UniqueIdentifier>
    </Filter>
    <Filter Include="external\meshoptimizer">
      <UniqueIdentifier>{e1b745d4-095e-41a0-b03a-009acca0aae4}</UniqueIdentifier>
    </Filter>
    <Filter Include="external\hlslpp">
      <UniqueIdentifier>{d0c234be-3ee4-4b99-8075-01959be799ab}</UniqueIdentifier>
    </Filter>
  </ItemGroup>
  <ItemGroup>
    <Natvis Include="external\d3d12ma\D3D12MemAlloc.natvis">
      <Filter>external\d3d12ma</Filter>
    </Natvis>
    <Natvis Include="external\hlslpp\hlsl++.natvis">
      <Filter>external\hlslpp</Filter>
    </Natvis>
  </ItemGroup>
  <ItemGroup>
    <None Include="shaders\common.hlsli">
      <Filter>shaders</Filter>
    </None>
    <None Include="shaders\model_constants.hlsli">
      <Filter>shaders</Filter>
    </None>
    <None Include="shaders\global_constants.hlsli">
      <Filter>shaders</Filter>
    </None>
    <None Include="shaders\atmosphere.hlsli">
      <Filter>shaders</Filter>
    </None>
    <None Include="source\renderer\render_graph.inl">
      <Filter>source\renderer</Filter>
    </None>
    <None Include="shaders\IntelTAA.hlsli">
      <Filter>shaders</Filter>
    </None>
    <None Include="shaders\XeGTAO.hlsli">
      <Filter>shaders</Filter>
    </None>
    <None Include="shaders\taa_constants.hlsli">
      <Filter>shaders</Filter>
    </None>
    <None Include="shaders\debug.hlsli">
      <Filter>shaders</Filter>
    </None>
    <None Include="shaders\stats.hlsli">
      <Filter>shaders</Filter>
    </None>
  </ItemGroup>
  <ItemGroup>
    <FxCompile Include="shaders\imgui.hlsl">
      <Filter>shaders</Filter>
    </FxCompile>
    <FxCompile Include="shaders\model.hlsl">
      <Filter>shaders</Filter>
    </FxCompile>
    <FxCompile Include="shaders\sky_sphere.hlsl">
      <Filter>shaders</Filter>
    </FxCompile>
    <FxCompile Include="shaders\tone_mapping.hlsl">
      <Filter>shaders</Filter>
    </FxCompile>
    <FxCompile Include="shaders\model_shadow.hlsl">
      <Filter>shaders</Filter>
    </FxCompile>
    <FxCompile Include="shaders\fxaa.hlsl">
      <Filter>shaders</Filter>
    </FxCompile>
    <FxCompile Include="shaders\copy.hlsl">
      <Filter>shaders</Filter>
    </FxCompile>
    <FxCompile Include="shaders\clustered_shading.hlsl">
      <Filter>shaders</Filter>
    </FxCompile>
    <FxCompile Include="shaders\cas.hlsl">
      <Filter>shaders</Filter>
    </FxCompile>
    <FxCompile Include="shaders\taa.hlsl">
      <Filter>shaders</Filter>
    </FxCompile>
    <FxCompile Include="shaders\linearize_depth.hlsl">
      <Filter>shaders</Filter>
    </FxCompile>
    <FxCompile Include="shaders\compute_animation.hlsl">
      <Filter>shaders</Filter>
    </FxCompile>
    <FxCompile Include="shaders\model_velocity.hlsl">
      <Filter>shaders</Filter>
    </FxCompile>
    <FxCompile Include="shaders\gtao.hlsl">
      <Filter>shaders</Filter>
    </FxCompile>
    <FxCompile Include="shaders\debug_line.hlsl">
      <Filter>shaders</Filter>
    </FxCompile>
    <FxCompile Include="shaders\model_id.hlsl">
      <Filter>shaders</Filter>
    </FxCompile>
    <FxCompile Include="shaders\model_outline.hlsl">
      <Filter>shaders</Filter>
    </FxCompile>
    <FxCompile Include="shaders\meshlet.hlsl">
      <Filter>shaders</Filter>
    </FxCompile>
    <FxCompile Include="shaders\view_frustum.hlsl">
      <Filter>shaders</Filter>
    </FxCompile>
    <FxCompile Include="shaders\debug_print.hlsl">
      <Filter>shaders</Filter>
    </FxCompile>
    <FxCompile Include="shaders\stats.hlsl">
      <Filter>shaders</Filter>
    </FxCompile>
    <FxCompile Include="shaders\hzb.hlsl">
      <Filter>shaders</Filter>
    </FxCompile>
    <FxCompile Include="shaders\hzb_reprojection.hlsl">
      <Filter>shaders</Filter>
    </FxCompile>
  </ItemGroup>
  <ItemGroup>
    <Image Include="source\windows\icon.ico">
      <Filter>source\windows</Filter>
    </Image>
  </ItemGroup>
  <ItemGroup>
    <ResourceCompile Include="source\windows\RealEngine.rc">
      <Filter>source\windows</Filter>
    </ResourceCompile>
  </ItemGroup>
</Project>